
Microsoft Visual Studio Solution File, Format Version 12.00
# Visual Studio Version 16
VisualStudioVersion = 16.0.30204.135
MinimumVisualStudioVersion = 10.0.40219.1
Project("{9A19103F-16F7-4668-BE54-9A1E7A4F7556}") = "EmployeeManagement.Web", "EmployeeManagement.Web.csproj", "{785F881D-1970-417F-8D6F-860CBA11A15C}"
EndProject
Project("{2150E333-8FDC-42A3-9474-1A3956D46DE8}") = "Src", "Src", "{35347B2C-22C4-4F1F-B4F7-78F3E8ECD92E}"
EndProject
Project("{2150E333-8FDC-42A3-9474-1A3956D46DE8}") = "Test", "Test", "{BD003DC5-602A-4831-879B-1C845B84C4AD}"
EndProject
Project("{9A19103F-16F7-4668-BE54-9A1E7A4F7556}") = "EmployeeManagement.Core", "..\EmployeeManagement.Core\EmployeeManagement.Core.csproj", "{55999846-6009-4F40-A4BB-F0E120BC1669}"
EndProject
Project("{9A19103F-16F7-4668-BE54-9A1E7A4F7556}") = "EmployeeManagement.Infrastructure", "..\EmployeeManagement.Infrastructure\EmployeeManagement.Infrastructure.csproj", "{2E77B7A0-E0E4-4439-9A74-5746BA4559E6}"
EndProject
Project("{FAE04EC0-301F-11D3-BF4B-00C04F79EFBC}") = "EmployeeManagement.UnitTests", "..\..\Test\EmployeeManagement.UnitTests\EmployeeManagement.UnitTests.csproj", "{6A676FF7-CB33-49AD-AB61-A8C22F2A8B2B}"
EndProject
Global
	GlobalSection(SolutionConfigurationPlatforms) = preSolution
		Debug|Any CPU = Debug|Any CPU
		Release|Any CPU = Release|Any CPU
	EndGlobalSection
	GlobalSection(ProjectConfigurationPlatforms) = postSolution
		{785F881D-1970-417F-8D6F-860CBA11A15C}.Debug|Any CPU.ActiveCfg = Debug|Any CPU
		{785F881D-1970-417F-8D6F-860CBA11A15C}.Debug|Any CPU.Build.0 = Debug|Any CPU
		{785F881D-1970-417F-8D6F-860CBA11A15C}.Release|Any CPU.ActiveCfg = Release|Any CPU
		{785F881D-1970-417F-8D6F-860CBA11A15C}.Release|Any CPU.Build.0 = Release|Any CPU
		{55999846-6009-4F40-A4BB-F0E120BC1669}.Debug|Any CPU.ActiveCfg = Debug|Any CPU
		{55999846-6009-4F40-A4BB-F0E120BC1669}.Debug|Any CPU.Build.0 = Debug|Any CPU
		{55999846-6009-4F40-A4BB-F0E120BC1669}.Release|Any CPU.ActiveCfg = Release|Any CPU
		{55999846-6009-4F40-A4BB-F0E120BC1669}.Release|Any CPU.Build.0 = Release|Any CPU
		{2E77B7A0-E0E4-4439-9A74-5746BA4559E6}.Debug|Any CPU.ActiveCfg = Debug|Any CPU
		{2E77B7A0-E0E4-4439-9A74-5746BA4559E6}.Debug|Any CPU.Build.0 = Debug|Any CPU
		{2E77B7A0-E0E4-4439-9A74-5746BA4559E6}.Release|Any CPU.ActiveCfg = Release|Any CPU
		{2E77B7A0-E0E4-4439-9A74-5746BA4559E6}.Release|Any CPU.Build.0 = Release|Any CPU
		{6A676FF7-CB33-49AD-AB61-A8C22F2A8B2B}.Debug|Any CPU.ActiveCfg = Debug|Any CPU
		{6A676FF7-CB33-49AD-AB61-A8C22F2A8B2B}.Debug|Any CPU.Build.0 = Debug|Any CPU
		{6A676FF7-CB33-49AD-AB61-A8C22F2A8B2B}.Release|Any CPU.ActiveCfg = Release|Any CPU
		{6A676FF7-CB33-49AD-AB61-A8C22F2A8B2B}.Release|Any CPU.Build.0 = Release|Any CPU
	EndGlobalSection
	GlobalSection(SolutionProperties) = preSolution
		HideSolutionNode = FALSE
	EndGlobalSection
	GlobalSection(NestedProjects) = preSolution
		{785F881D-1970-417F-8D6F-860CBA11A15C} = {35347B2C-22C4-4F1F-B4F7-78F3E8ECD92E}
		{55999846-6009-4F40-A4BB-F0E120BC1669} = {35347B2C-22C4-4F1F-B4F7-78F3E8ECD92E}
		{2E77B7A0-E0E4-4439-9A74-5746BA4559E6} = {35347B2C-22C4-4F1F-B4F7-78F3E8ECD92E}
		{6A676FF7-CB33-49AD-AB61-A8C22F2A8B2B} = {BD003DC5-602A-4831-879B-1C845B84C4AD}
	EndGlobalSection
	GlobalSection(ExtensibilityGlobals) = postSolution
		SolutionGuid = {952236A1-A1C7-4917-8B51-FBAAD915691C}
	EndGlobalSection
EndGlobal
